# This file is automatically @generated by Cargo.
# It is not intended for manual editing.
version = 3

[[package]]
name = "kibi"
version = "0.1.1"
dependencies = [
 "sti",
]

[[package]]
name = "sandbox"
version = "0.1.0"
dependencies = [
 "kibi",
]

[[package]]
name = "sti"
version = "0.1.8"
source = "git+https://github.com/leddoo/sti#e6cceb285c0b71d7d4ef2f6d787f8d8d2d8fb275"
