# This file is automatically @generated by Cargo.
# It is not intended for manual editing.
version = 3

[[package]]
name = "kibi"
version = "0.1.1"
dependencies = [
 "sti",
]

[[package]]
name = "sandbox"
version = "0.1.0"
dependencies = [
 "kibi",
 "sti",
]

[[package]]
name = "sti"
version = "0.1.5"
source = "git+https://github.com/leddoo/sti#a6e318c4711f596adefc9d49920a041aa90e5dfc"
