# This file is automatically @generated by Cargo.
# It is not intended for manual editing.
version = 3

[[package]]
name = "kibi"
version = "0.1.1"
dependencies = [
 "sti",
]

[[package]]
name = "sandbox"
version = "0.1.0"
dependencies = [
 "kibi",
]

[[package]]
name = "sti"
version = "0.1.8"
source = "git+https://github.com/leddoo/sti#6fcb62e3b6805f312989891b464d5f9a77258de1"
